
Microsoft Visual Studio Solution File, Format Version 12.00
# Visual Studio Version 17
VisualStudioVersion = 17.5.33414.496
MinimumVisualStudioVersion = 10.0.40219.1
Project("{FAE04EC0-301F-11D3-BF4B-00C04F79EFBC}") = "RC4 Encryption with C#", "RC4 Encryption with C#\RC4 Encryption with C#.csproj", "{523F96CE-CCF1-4128-A2CE-F8067C2AE762}"
EndProject
Global
	GlobalSection(SolutionConfigurationPlatforms) = preSolution
		Debug|Any CPU = Debug|Any CPU
		Release|Any CPU = Release|Any CPU
	EndGlobalSection
	GlobalSection(ProjectConfigurationPlatforms) = postSolution
		{523F96CE-CCF1-4128-A2CE-F8067C2AE762}.Debug|Any CPU.ActiveCfg = Debug|Any CPU
		{523F96CE-CCF1-4128-A2CE-F8067C2AE762}.Debug|Any CPU.Build.0 = Debug|Any CPU
		{523F96CE-CCF1-4128-A2CE-F8067C2AE762}.Release|Any CPU.ActiveCfg = Release|Any CPU
		{523F96CE-CCF1-4128-A2CE-F8067C2AE762}.Release|Any CPU.Build.0 = Release|Any CPU
	EndGlobalSection
	GlobalSection(SolutionProperties) = preSolution
		HideSolutionNode = FALSE
	EndGlobalSection
	GlobalSection(ExtensibilityGlobals) = postSolution
		SolutionGuid = {E8EAAA07-05FD-4009-8821-DCDC0033507A}
	EndGlobalSection
EndGlobal
